
Microsoft Visual Studio Solution File, Format Version 12.00
# Visual Studio Version 17
VisualStudioVersion = 17.10.34928.147
MinimumVisualStudioVersion = 10.0.40219.1
Project("{FAE04EC0-301F-11D3-BF4B-00C04F79EFBC}") = "SMS", "SMS.csproj", "{EC8A1756-1FEE-4C3C-9386-24F14CEF1769}"
EndProject
Global
	GlobalSection(SolutionConfigurationPlatforms) = preSolution
		Debug|Any CPU = Debug|Any CPU
		Release|Any CPU = Release|Any CPU
	EndGlobalSection
	GlobalSection(ProjectConfigurationPlatforms) = postSolution
		{EC8A1756-1FEE-4C3C-9386-24F14CEF1769}.Debug|Any CPU.ActiveCfg = Debug|Any CPU
		{EC8A1756-1FEE-4C3C-9386-24F14CEF1769}.Debug|Any CPU.Build.0 = Debug|Any CPU
		{EC8A1756-1FEE-4C3C-9386-24F14CEF1769}.Release|Any CPU.ActiveCfg = Release|Any CPU
		{EC8A1756-1FEE-4C3C-9386-24F14CEF1769}.Release|Any CPU.Build.0 = Release|Any CPU
	EndGlobalSection
	GlobalSection(SolutionProperties) = preSolution
		HideSolutionNode = FALSE
	EndGlobalSection
	GlobalSection(ExtensibilityGlobals) = postSolution
		SolutionGuid = {6A60F276-156B-4403-B84F-758D75E07AC8}
	EndGlobalSection
EndGlobal
